
Microsoft Visual Studio Solution File, Format Version 12.00
# Visual Studio Version 17
VisualStudioVersion = 17.4.33213.308
MinimumVisualStudioVersion = 10.0.40219.1
Project("{FAE04EC0-301F-11D3-BF4B-00C04F79EFBC}") = "ControllerAdvance", "ControllerAdvance\ControllerAdvance.csproj", "{C2C512C2-4A67-4230-A1AD-98DA93853BD3}"
EndProject
Project("{FAE04EC0-301F-11D3-BF4B-00C04F79EFBC}") = "ModelBindingExample", "..\..\7 Model Binding And Validation\ModelBindingExample\ModelBindingExample.csproj", "{9342A8FA-F00C-4FDB-A2E8-9A2685421860}"
EndProject
Global
	GlobalSection(SolutionConfigurationPlatforms) = preSolution
		Debug|Any CPU = Debug|Any CPU
		Release|Any CPU = Release|Any CPU
	EndGlobalSection
	GlobalSection(ProjectConfigurationPlatforms) = postSolution
		{C2C512C2-4A67-4230-A1AD-98DA93853BD3}.Debug|Any CPU.ActiveCfg = Debug|Any CPU
		{C2C512C2-4A67-4230-A1AD-98DA93853BD3}.Debug|Any CPU.Build.0 = Debug|Any CPU
		{C2C512C2-4A67-4230-A1AD-98DA93853BD3}.Release|Any CPU.ActiveCfg = Release|Any CPU
		{C2C512C2-4A67-4230-A1AD-98DA93853BD3}.Release|Any CPU.Build.0 = Release|Any CPU
		{9342A8FA-F00C-4FDB-A2E8-9A2685421860}.Debug|Any CPU.ActiveCfg = Debug|Any CPU
		{9342A8FA-F00C-4FDB-A2E8-9A2685421860}.Debug|Any CPU.Build.0 = Debug|Any CPU
		{9342A8FA-F00C-4FDB-A2E8-9A2685421860}.Release|Any CPU.ActiveCfg = Release|Any CPU
		{9342A8FA-F00C-4FDB-A2E8-9A2685421860}.Release|Any CPU.Build.0 = Release|Any CPU
	EndGlobalSection
	GlobalSection(SolutionProperties) = preSolution
		HideSolutionNode = FALSE
	EndGlobalSection
	GlobalSection(ExtensibilityGlobals) = postSolution
		SolutionGuid = {A2181D18-7867-4AFA-85FA-258F76DB1656}
	EndGlobalSection
EndGlobal
