
Microsoft Visual Studio Solution File, Format Version 12.00
# Visual Studio Version 17
VisualStudioVersion = 17.4.33213.308
MinimumVisualStudioVersion = 10.0.40219.1
Project("{FAE04EC0-301F-11D3-BF4B-00C04F79EFBC}") = "ControllerExample", "ControllerExample\ControllerExample.csproj", "{758D91E7-B8CB-4488-A951-3E33544EBC96}"
EndProject
Global
	GlobalSection(SolutionConfigurationPlatforms) = preSolution
		Debug|Any CPU = Debug|Any CPU
		Release|Any CPU = Release|Any CPU
	EndGlobalSection
	GlobalSection(ProjectConfigurationPlatforms) = postSolution
		{758D91E7-B8CB-4488-A951-3E33544EBC96}.Debug|Any CPU.ActiveCfg = Debug|Any CPU
		{758D91E7-B8CB-4488-A951-3E33544EBC96}.Debug|Any CPU.Build.0 = Debug|Any CPU
		{758D91E7-B8CB-4488-A951-3E33544EBC96}.Release|Any CPU.ActiveCfg = Release|Any CPU
		{758D91E7-B8CB-4488-A951-3E33544EBC96}.Release|Any CPU.Build.0 = Release|Any CPU
	EndGlobalSection
	GlobalSection(SolutionProperties) = preSolution
		HideSolutionNode = FALSE
	EndGlobalSection
	GlobalSection(ExtensibilityGlobals) = postSolution
		SolutionGuid = {329017EF-EE47-4671-9F13-A0CB6C8264C1}
	EndGlobalSection
EndGlobal
