
Microsoft Visual Studio Solution File, Format Version 12.00
# Visual Studio Version 17
VisualStudioVersion = 17.4.33213.308
MinimumVisualStudioVersion = 10.0.40219.1
Project("{FAE04EC0-301F-11D3-BF4B-00C04F79EFBC}") = "RoutingThree", "RoutingThree\RoutingThree.csproj", "{F675AB7D-9F72-46C4-A7C7-C52EBE20BF71}"
EndProject
Global
	GlobalSection(SolutionConfigurationPlatforms) = preSolution
		Debug|Any CPU = Debug|Any CPU
		Release|Any CPU = Release|Any CPU
	EndGlobalSection
	GlobalSection(ProjectConfigurationPlatforms) = postSolution
		{F675AB7D-9F72-46C4-A7C7-C52EBE20BF71}.Debug|Any CPU.ActiveCfg = Debug|Any CPU
		{F675AB7D-9F72-46C4-A7C7-C52EBE20BF71}.Debug|Any CPU.Build.0 = Debug|Any CPU
		{F675AB7D-9F72-46C4-A7C7-C52EBE20BF71}.Release|Any CPU.ActiveCfg = Release|Any CPU
		{F675AB7D-9F72-46C4-A7C7-C52EBE20BF71}.Release|Any CPU.Build.0 = Release|Any CPU
	EndGlobalSection
	GlobalSection(SolutionProperties) = preSolution
		HideSolutionNode = FALSE
	EndGlobalSection
	GlobalSection(ExtensibilityGlobals) = postSolution
		SolutionGuid = {A8A5D87D-99B9-4943-B488-2E3AEEBE0D0C}
	EndGlobalSection
EndGlobal
