
Microsoft Visual Studio Solution File, Format Version 12.00
# Visual Studio Version 17
VisualStudioVersion = 17.4.33213.308
MinimumVisualStudioVersion = 10.0.40219.1
Project("{FAE04EC0-301F-11D3-BF4B-00C04F79EFBC}") = "PostManRequests", "PostManRequests\PostManRequests.csproj", "{5651C1F9-5F7E-495F-B77F-9A558AC0A174}"
EndProject
Global
	GlobalSection(SolutionConfigurationPlatforms) = preSolution
		Debug|Any CPU = Debug|Any CPU
		Release|Any CPU = Release|Any CPU
	EndGlobalSection
	GlobalSection(ProjectConfigurationPlatforms) = postSolution
		{5651C1F9-5F7E-495F-B77F-9A558AC0A174}.Debug|Any CPU.ActiveCfg = Debug|Any CPU
		{5651C1F9-5F7E-495F-B77F-9A558AC0A174}.Debug|Any CPU.Build.0 = Debug|Any CPU
		{5651C1F9-5F7E-495F-B77F-9A558AC0A174}.Release|Any CPU.ActiveCfg = Release|Any CPU
		{5651C1F9-5F7E-495F-B77F-9A558AC0A174}.Release|Any CPU.Build.0 = Release|Any CPU
	EndGlobalSection
	GlobalSection(SolutionProperties) = preSolution
		HideSolutionNode = FALSE
	EndGlobalSection
	GlobalSection(ExtensibilityGlobals) = postSolution
		SolutionGuid = {0B2380D6-5A9D-45B6-BBFC-3BF1A628994D}
	EndGlobalSection
EndGlobal
