
Microsoft Visual Studio Solution File, Format Version 12.00
# Visual Studio Version 17
VisualStudioVersion = 17.4.33213.308
MinimumVisualStudioVersion = 10.0.40219.1
Project("{FAE04EC0-301F-11D3-BF4B-00C04F79EFBC}") = "AnonymousFunctions", "AnonymousFunctions\AnonymousFunctions.csproj", "{11486389-7C8C-4889-8EF3-594D92800031}"
EndProject
Project("{2150E333-8FDC-42A3-9474-1A3956D46DE8}") = "Solution Items", "Solution Items", "{A2357D07-F2BF-4FC8-9F5E-4D3283416755}"
EndProject
Project("{FAE04EC0-301F-11D3-BF4B-00C04F79EFBC}") = "ClassLibrary1", "ClassLibrary1\ClassLibrary1.csproj", "{0449F8A3-A1C5-4B27-9EEF-442A7A6C1C23}"
EndProject
Global
	GlobalSection(SolutionConfigurationPlatforms) = preSolution
		Debug|Any CPU = Debug|Any CPU
		Release|Any CPU = Release|Any CPU
	EndGlobalSection
	GlobalSection(ProjectConfigurationPlatforms) = postSolution
		{11486389-7C8C-4889-8EF3-594D92800031}.Debug|Any CPU.ActiveCfg = Debug|Any CPU
		{11486389-7C8C-4889-8EF3-594D92800031}.Debug|Any CPU.Build.0 = Debug|Any CPU
		{11486389-7C8C-4889-8EF3-594D92800031}.Release|Any CPU.ActiveCfg = Release|Any CPU
		{11486389-7C8C-4889-8EF3-594D92800031}.Release|Any CPU.Build.0 = Release|Any CPU
		{0449F8A3-A1C5-4B27-9EEF-442A7A6C1C23}.Debug|Any CPU.ActiveCfg = Debug|Any CPU
		{0449F8A3-A1C5-4B27-9EEF-442A7A6C1C23}.Debug|Any CPU.Build.0 = Debug|Any CPU
		{0449F8A3-A1C5-4B27-9EEF-442A7A6C1C23}.Release|Any CPU.ActiveCfg = Release|Any CPU
		{0449F8A3-A1C5-4B27-9EEF-442A7A6C1C23}.Release|Any CPU.Build.0 = Release|Any CPU
	EndGlobalSection
	GlobalSection(SolutionProperties) = preSolution
		HideSolutionNode = FALSE
	EndGlobalSection
	GlobalSection(ExtensibilityGlobals) = postSolution
		SolutionGuid = {99970CD6-AF48-439C-A070-35C20575D505}
	EndGlobalSection
EndGlobal
