
Microsoft Visual Studio Solution File, Format Version 12.00
# Visual Studio Version 17
VisualStudioVersion = 17.4.33213.308
MinimumVisualStudioVersion = 10.0.40219.1
Project("{FAE04EC0-301F-11D3-BF4B-00C04F79EFBC}") = "ExtensionMethodExample", "ExtensionMethodExample\ExtensionMethodExample.csproj", "{6332BE6B-F1A8-4694-9E0C-891F7658EBB1}"
EndProject
Project("{FAE04EC0-301F-11D3-BF4B-00C04F79EFBC}") = "ClassLibrary1", "ClassLibrary1\ClassLibrary1.csproj", "{859D29F7-AF5C-4979-B891-F29F3C37B6E0}"
EndProject
Global
	GlobalSection(SolutionConfigurationPlatforms) = preSolution
		Debug|Any CPU = Debug|Any CPU
		Release|Any CPU = Release|Any CPU
	EndGlobalSection
	GlobalSection(ProjectConfigurationPlatforms) = postSolution
		{6332BE6B-F1A8-4694-9E0C-891F7658EBB1}.Debug|Any CPU.ActiveCfg = Debug|Any CPU
		{6332BE6B-F1A8-4694-9E0C-891F7658EBB1}.Debug|Any CPU.Build.0 = Debug|Any CPU
		{6332BE6B-F1A8-4694-9E0C-891F7658EBB1}.Release|Any CPU.ActiveCfg = Release|Any CPU
		{6332BE6B-F1A8-4694-9E0C-891F7658EBB1}.Release|Any CPU.Build.0 = Release|Any CPU
		{859D29F7-AF5C-4979-B891-F29F3C37B6E0}.Debug|Any CPU.ActiveCfg = Debug|Any CPU
		{859D29F7-AF5C-4979-B891-F29F3C37B6E0}.Debug|Any CPU.Build.0 = Debug|Any CPU
		{859D29F7-AF5C-4979-B891-F29F3C37B6E0}.Release|Any CPU.ActiveCfg = Release|Any CPU
		{859D29F7-AF5C-4979-B891-F29F3C37B6E0}.Release|Any CPU.Build.0 = Release|Any CPU
	EndGlobalSection
	GlobalSection(SolutionProperties) = preSolution
		HideSolutionNode = FALSE
	EndGlobalSection
	GlobalSection(ExtensibilityGlobals) = postSolution
		SolutionGuid = {2C95F30C-A8FE-4109-899B-E18813FB957B}
	EndGlobalSection
EndGlobal
